
Microsoft Visual Studio Solution File, Format Version 12.00
# Visual Studio Version 17
VisualStudioVersion = 17.13.35931.197 d17.13
MinimumVisualStudioVersion = 10.0.40219.1
Project("{FAE04EC0-301F-11D3-BF4B-00C04F79EFBC}") = "Bank-Project", "Bank-Project\Bank-Project.csproj", "{FF7BF4CF-CA13-46F5-9174-7C3D636FA831}"
EndProject
Global
	GlobalSection(SolutionConfigurationPlatforms) = preSolution
		Debug|Any CPU = Debug|Any CPU
		Release|Any CPU = Release|Any CPU
	EndGlobalSection
	GlobalSection(ProjectConfigurationPlatforms) = postSolution
		{FF7BF4CF-CA13-46F5-9174-7C3D636FA831}.Debug|Any CPU.ActiveCfg = Debug|Any CPU
		{FF7BF4CF-CA13-46F5-9174-7C3D636FA831}.Debug|Any CPU.Build.0 = Debug|Any CPU
		{FF7BF4CF-CA13-46F5-9174-7C3D636FA831}.Release|Any CPU.ActiveCfg = Release|Any CPU
		{FF7BF4CF-CA13-46F5-9174-7C3D636FA831}.Release|Any CPU.Build.0 = Release|Any CPU
	EndGlobalSection
	GlobalSection(SolutionProperties) = preSolution
		HideSolutionNode = FALSE
	EndGlobalSection
	GlobalSection(ExtensibilityGlobals) = postSolution
		SolutionGuid = {BD293EF7-0500-4C41-B6B6-185E315F92E0}
	EndGlobalSection
EndGlobal
